
Microsoft Visual Studio Solution File, Format Version 12.00
# Visual Studio Version 17
VisualStudioVersion = 17.0.31912.275
MinimumVisualStudioVersion = 10.0.40219.1
Project("{FAE04EC0-301F-11D3-BF4B-00C04F79EFBC}") = "xamarin1.UWP", "xamarin1\xamarin1.UWP\xamarin1.UWP.csproj", "{A23B0CF9-6370-47CF-A03F-F38F33E3713E}"
EndProject
Project("{FAE04EC0-301F-11D3-BF4B-00C04F79EFBC}") = "xamarin1.Android", "xamarin1\xamarin1.Android\xamarin1.Android.csproj", "{E01B4B90-D37F-427D-B2A0-EFC74918084D}"
EndProject
Project("{FAE04EC0-301F-11D3-BF4B-00C04F79EFBC}") = "xamarin1.iOS", "xamarin1\xamarin1.iOS\xamarin1.iOS.csproj", "{E4230B50-63F2-4070-A035-B9EF8384D4B7}"
EndProject
Project("{9A19103F-16F7-4668-BE54-9A1E7A4F7556}") = "xamarin1", "xamarin1\xamarin1\xamarin1.csproj", "{83014FC9-9483-4FFC-8314-EF19CD73674A}"
EndProject
Project("{2150E333-8FDC-42A3-9474-1A3956D46DE8}") = "xamarin", "xamarin", "{EDB21701-7843-4F91-A6FC-A3F9195B3599}"
EndProject
Project("{9A19103F-16F7-4668-BE54-9A1E7A4F7556}") = "Navigation1", "Navigation1\Navigation1\Navigation1.csproj", "{EC54B49B-7AFA-4DFF-91BF-02A60AECBB82}"
EndProject
Project("{2150E333-8FDC-42A3-9474-1A3956D46DE8}") = "Navigation_1", "Navigation_1", "{DA733F07-86C8-48CC-8A9E-F4EB5FD5B7DA}"
EndProject
Project("{FAE04EC0-301F-11D3-BF4B-00C04F79EFBC}") = "Navigation1.Android", "Navigation1\Navigation1.Android\Navigation1.Android.csproj", "{2308FA17-A864-4CD5-A936-EE4CFF0271B4}"
EndProject
Project("{FAE04EC0-301F-11D3-BF4B-00C04F79EFBC}") = "Navigation1.UWP", "Navigation1\Navigation1.UWP\Navigation1.UWP.csproj", "{BBCE70CE-B0BA-490C-B8AF-76FA2AAD0D99}"
EndProject
Global
	GlobalSection(SolutionConfigurationPlatforms) = preSolution
		Debug|Any CPU = Debug|Any CPU
		Debug|ARM = Debug|ARM
		Debug|iPhone = Debug|iPhone
		Debug|iPhoneSimulator = Debug|iPhoneSimulator
		Debug|x64 = Debug|x64
		Debug|x86 = Debug|x86
		Release|Any CPU = Release|Any CPU
		Release|ARM = Release|ARM
		Release|iPhone = Release|iPhone
		Release|iPhoneSimulator = Release|iPhoneSimulator
		Release|x64 = Release|x64
		Release|x86 = Release|x86
	EndGlobalSection
	GlobalSection(ProjectConfigurationPlatforms) = postSolution
		{A23B0CF9-6370-47CF-A03F-F38F33E3713E}.Debug|Any CPU.ActiveCfg = Debug|x64
		{A23B0CF9-6370-47CF-A03F-F38F33E3713E}.Debug|Any CPU.Build.0 = Debug|x64
		{A23B0CF9-6370-47CF-A03F-F38F33E3713E}.Debug|Any CPU.Deploy.0 = Debug|x64
		{A23B0CF9-6370-47CF-A03F-F38F33E3713E}.Debug|ARM.ActiveCfg = Debug|ARM
		{A23B0CF9-6370-47CF-A03F-F38F33E3713E}.Debug|ARM.Build.0 = Debug|ARM
		{A23B0CF9-6370-47CF-A03F-F38F33E3713E}.Debug|ARM.Deploy.0 = Debug|ARM
		{A23B0CF9-6370-47CF-A03F-F38F33E3713E}.Debug|iPhone.ActiveCfg = Debug|x64
		{A23B0CF9-6370-47CF-A03F-F38F33E3713E}.Debug|iPhone.Build.0 = Debug|x64
		{A23B0CF9-6370-47CF-A03F-F38F33E3713E}.Debug|iPhone.Deploy.0 = Debug|x64
		{A23B0CF9-6370-47CF-A03F-F38F33E3713E}.Debug|iPhoneSimulator.ActiveCfg = Debug|x64
		{A23B0CF9-6370-47CF-A03F-F38F33E3713E}.Debug|iPhoneSimulator.Build.0 = Debug|x64
		{A23B0CF9-6370-47CF-A03F-F38F33E3713E}.Debug|iPhoneSimulator.Deploy.0 = Debug|x64
		{A23B0CF9-6370-47CF-A03F-F38F33E3713E}.Debug|x64.ActiveCfg = Debug|x64
		{A23B0CF9-6370-47CF-A03F-F38F33E3713E}.Debug|x64.Build.0 = Debug|x64
		{A23B0CF9-6370-47CF-A03F-F38F33E3713E}.Debug|x64.Deploy.0 = Debug|x64
		{A23B0CF9-6370-47CF-A03F-F38F33E3713E}.Debug|x86.ActiveCfg = Debug|x86
		{A23B0CF9-6370-47CF-A03F-F38F33E3713E}.Debug|x86.Build.0 = Debug|x86
		{A23B0CF9-6370-47CF-A03F-F38F33E3713E}.Debug|x86.Deploy.0 = Debug|x86
		{A23B0CF9-6370-47CF-A03F-F38F33E3713E}.Release|Any CPU.ActiveCfg = Release|x64
		{A23B0CF9-6370-47CF-A03F-F38F33E3713E}.Release|Any CPU.Build.0 = Release|x64
		{A23B0CF9-6370-47CF-A03F-F38F33E3713E}.Release|Any CPU.Deploy.0 = Release|x64
		{A23B0CF9-6370-47CF-A03F-F38F33E3713E}.Release|ARM.ActiveCfg = Release|ARM
		{A23B0CF9-6370-47CF-A03F-F38F33E3713E}.Release|ARM.Build.0 = Release|ARM
		{A23B0CF9-6370-47CF-A03F-F38F33E3713E}.Release|ARM.Deploy.0 = Release|ARM
		{A23B0CF9-6370-47CF-A03F-F38F33E3713E}.Release|iPhone.ActiveCfg = Release|x64
		{A23B0CF9-6370-47CF-A03F-F38F33E3713E}.Release|iPhone.Build.0 = Release|x64
		{A23B0CF9-6370-47CF-A03F-F38F33E3713E}.Release|iPhone.Deploy.0 = Release|x64
		{A23B0CF9-6370-47CF-A03F-F38F33E3713E}.Release|iPhoneSimulator.ActiveCfg = Release|x64
		{A23B0CF9-6370-47CF-A03F-F38F33E3713E}.Release|iPhoneSimulator.Build.0 = Release|x64
		{A23B0CF9-6370-47CF-A03F-F38F33E3713E}.Release|iPhoneSimulator.Deploy.0 = Release|x64
		{A23B0CF9-6370-47CF-A03F-F38F33E3713E}.Release|x64.ActiveCfg = Release|x64
		{A23B0CF9-6370-47CF-A03F-F38F33E3713E}.Release|x64.Build.0 = Release|x64
		{A23B0CF9-6370-47CF-A03F-F38F33E3713E}.Release|x64.Deploy.0 = Release|x64
		{A23B0CF9-6370-47CF-A03F-F38F33E3713E}.Release|x86.ActiveCfg = Release|x86
		{A23B0CF9-6370-47CF-A03F-F38F33E3713E}.Release|x86.Build.0 = Release|x86
		{A23B0CF9-6370-47CF-A03F-F38F33E3713E}.Release|x86.Deploy.0 = Release|x86
		{E01B4B90-D37F-427D-B2A0-EFC74918084D}.Debug|Any CPU.ActiveCfg = Debug|Any CPU
		{E01B4B90-D37F-427D-B2A0-EFC74918084D}.Debug|Any CPU.Build.0 = Debug|Any CPU
		{E01B4B90-D37F-427D-B2A0-EFC74918084D}.Debug|Any CPU.Deploy.0 = Debug|Any CPU
		{E01B4B90-D37F-427D-B2A0-EFC74918084D}.Debug|ARM.ActiveCfg = Debug|Any CPU
		{E01B4B90-D37F-427D-B2A0-EFC74918084D}.Debug|ARM.Build.0 = Debug|Any CPU
		{E01B4B90-D37F-427D-B2A0-EFC74918084D}.Debug|ARM.Deploy.0 = Debug|Any CPU
		{E01B4B90-D37F-427D-B2A0-EFC74918084D}.Debug|iPhone.ActiveCfg = Debug|Any CPU
		{E01B4B90-D37F-427D-B2A0-EFC74918084D}.Debug|iPhone.Build.0 = Debug|Any CPU
		{E01B4B90-D37F-427D-B2A0-EFC74918084D}.Debug|iPhone.Deploy.0 = Debug|Any CPU
		{E01B4B90-D37F-427D-B2A0-EFC74918084D}.Debug|iPhoneSimulator.ActiveCfg = Debug|Any CPU
		{E01B4B90-D37F-427D-B2A0-EFC74918084D}.Debug|iPhoneSimulator.Build.0 = Debug|Any CPU
		{E01B4B90-D37F-427D-B2A0-EFC74918084D}.Debug|iPhoneSimulator.Deploy.0 = Debug|Any CPU
		{E01B4B90-D37F-427D-B2A0-EFC74918084D}.Debug|x64.ActiveCfg = Debug|Any CPU
		{E01B4B90-D37F-427D-B2A0-EFC74918084D}.Debug|x64.Build.0 = Debug|Any CPU
		{E01B4B90-D37F-427D-B2A0-EFC74918084D}.Debug|x64.Deploy.0 = Debug|Any CPU
		{E01B4B90-D37F-427D-B2A0-EFC74918084D}.Debug|x86.ActiveCfg = Debug|Any CPU
		{E01B4B90-D37F-427D-B2A0-EFC74918084D}.Debug|x86.Build.0 = Debug|Any CPU
		{E01B4B90-D37F-427D-B2A0-EFC74918084D}.Debug|x86.Deploy.0 = Debug|Any CPU
		{E01B4B90-D37F-427D-B2A0-EFC74918084D}.Release|Any CPU.ActiveCfg = Release|Any CPU
		{E01B4B90-D37F-427D-B2A0-EFC74918084D}.Release|Any CPU.Build.0 = Release|Any CPU
		{E01B4B90-D37F-427D-B2A0-EFC74918084D}.Release|Any CPU.Deploy.0 = Release|Any CPU
		{E01B4B90-D37F-427D-B2A0-EFC74918084D}.Release|ARM.ActiveCfg = Release|Any CPU
		{E01B4B90-D37F-427D-B2A0-EFC74918084D}.Release|ARM.Build.0 = Release|Any CPU
		{E01B4B90-D37F-427D-B2A0-EFC74918084D}.Release|ARM.Deploy.0 = Release|Any CPU
		{E01B4B90-D37F-427D-B2A0-EFC74918084D}.Release|iPhone.ActiveCfg = Release|Any CPU
		{E01B4B90-D37F-427D-B2A0-EFC74918084D}.Release|iPhone.Build.0 = Release|Any CPU
		{E01B4B90-D37F-427D-B2A0-EFC74918084D}.Release|iPhone.Deploy.0 = Release|Any CPU
		{E01B4B90-D37F-427D-B2A0-EFC74918084D}.Release|iPhoneSimulator.ActiveCfg = Release|Any CPU
		{E01B4B90-D37F-427D-B2A0-EFC74918084D}.Release|iPhoneSimulator.Build.0 = Release|Any CPU
		{E01B4B90-D37F-427D-B2A0-EFC74918084D}.Release|iPhoneSimulator.Deploy.0 = Release|Any CPU
		{E01B4B90-D37F-427D-B2A0-EFC74918084D}.Release|x64.ActiveCfg = Release|Any CPU
		{E01B4B90-D37F-427D-B2A0-EFC74918084D}.Release|x64.Build.0 = Release|Any CPU
		{E01B4B90-D37F-427D-B2A0-EFC74918084D}.Release|x64.Deploy.0 = Release|Any CPU
		{E01B4B90-D37F-427D-B2A0-EFC74918084D}.Release|x86.ActiveCfg = Release|Any CPU
		{E01B4B90-D37F-427D-B2A0-EFC74918084D}.Release|x86.Build.0 = Release|Any CPU
		{E01B4B90-D37F-427D-B2A0-EFC74918084D}.Release|x86.Deploy.0 = Release|Any CPU
		{E4230B50-63F2-4070-A035-B9EF8384D4B7}.Debug|Any CPU.ActiveCfg = Debug|iPhoneSimulator
		{E4230B50-63F2-4070-A035-B9EF8384D4B7}.Debug|Any CPU.Build.0 = Debug|iPhoneSimulator
		{E4230B50-63F2-4070-A035-B9EF8384D4B7}.Debug|Any CPU.Deploy.0 = Debug|iPhoneSimulator
		{E4230B50-63F2-4070-A035-B9EF8384D4B7}.Debug|ARM.ActiveCfg = Debug|iPhoneSimulator
		{E4230B50-63F2-4070-A035-B9EF8384D4B7}.Debug|ARM.Build.0 = Debug|iPhoneSimulator
		{E4230B50-63F2-4070-A035-B9EF8384D4B7}.Debug|ARM.Deploy.0 = Debug|iPhoneSimulator
		{E4230B50-63F2-4070-A035-B9EF8384D4B7}.Debug|iPhone.ActiveCfg = Debug|iPhone
		{E4230B50-63F2-4070-A035-B9EF8384D4B7}.Debug|iPhone.Build.0 = Debug|iPhone
		{E4230B50-63F2-4070-A035-B9EF8384D4B7}.Debug|iPhone.Deploy.0 = Debug|iPhone
		{E4230B50-63F2-4070-A035-B9EF8384D4B7}.Debug|iPhoneSimulator.ActiveCfg = Debug|iPhoneSimulator
		{E4230B50-63F2-4070-A035-B9EF8384D4B7}.Debug|iPhoneSimulator.Build.0 = Debug|iPhoneSimulator
		{E4230B50-63F2-4070-A035-B9EF8384D4B7}.Debug|iPhoneSimulator.Deploy.0 = Debug|iPhoneSimulator
		{E4230B50-63F2-4070-A035-B9EF8384D4B7}.Debug|x64.ActiveCfg = Debug|iPhone
		{E4230B50-63F2-4070-A035-B9EF8384D4B7}.Debug|x64.Build.0 = Debug|iPhone
		{E4230B50-63F2-4070-A035-B9EF8384D4B7}.Debug|x64.Deploy.0 = Debug|iPhone
		{E4230B50-63F2-4070-A035-B9EF8384D4B7}.Debug|x86.ActiveCfg = Debug|iPhoneSimulator
		{E4230B50-63F2-4070-A035-B9EF8384D4B7}.Debug|x86.Build.0 = Debug|iPhoneSimulator
		{E4230B50-63F2-4070-A035-B9EF8384D4B7}.Debug|x86.Deploy.0 = Debug|iPhoneSimulator
		{E4230B50-63F2-4070-A035-B9EF8384D4B7}.Release|Any CPU.ActiveCfg = Release|iPhoneSimulator
		{E4230B50-63F2-4070-A035-B9EF8384D4B7}.Release|Any CPU.Build.0 = Release|iPhoneSimulator
		{E4230B50-63F2-4070-A035-B9EF8384D4B7}.Release|Any CPU.Deploy.0 = Release|iPhoneSimulator
		{E4230B50-63F2-4070-A035-B9EF8384D4B7}.Release|ARM.ActiveCfg = Release|iPhoneSimulator
		{E4230B50-63F2-4070-A035-B9EF8384D4B7}.Release|ARM.Build.0 = Release|iPhoneSimulator
		{E4230B50-63F2-4070-A035-B9EF8384D4B7}.Release|ARM.Deploy.0 = Release|iPhoneSimulator
		{E4230B50-63F2-4070-A035-B9EF8384D4B7}.Release|iPhone.ActiveCfg = Release|iPhone
		{E4230B50-63F2-4070-A035-B9EF8384D4B7}.Release|iPhone.Build.0 = Release|iPhone
		{E4230B50-63F2-4070-A035-B9EF8384D4B7}.Release|iPhone.Deploy.0 = Release|iPhone
		{E4230B50-63F2-4070-A035-B9EF8384D4B7}.Release|iPhoneSimulator.ActiveCfg = Release|iPhoneSimulator
		{E4230B50-63F2-4070-A035-B9EF8384D4B7}.Release|iPhoneSimulator.Build.0 = Release|iPhoneSimulator
		{E4230B50-63F2-4070-A035-B9EF8384D4B7}.Release|iPhoneSimulator.Deploy.0 = Release|iPhoneSimulator
		{E4230B50-63F2-4070-A035-B9EF8384D4B7}.Release|x64.ActiveCfg = Release|iPhoneSimulator
		{E4230B50-63F2-4070-A035-B9EF8384D4B7}.Release|x64.Build.0 = Release|iPhoneSimulator
		{E4230B50-63F2-4070-A035-B9EF8384D4B7}.Release|x64.Deploy.0 = Release|iPhoneSimulator
		{E4230B50-63F2-4070-A035-B9EF8384D4B7}.Release|x86.ActiveCfg = Release|iPhoneSimulator
		{E4230B50-63F2-4070-A035-B9EF8384D4B7}.Release|x86.Build.0 = Release|iPhoneSimulator
		{E4230B50-63F2-4070-A035-B9EF8384D4B7}.Release|x86.Deploy.0 = Release|iPhoneSimulator
		{83014FC9-9483-4FFC-8314-EF19CD73674A}.Debug|Any CPU.ActiveCfg = Debug|Any CPU
		{83014FC9-9483-4FFC-8314-EF19CD73674A}.Debug|Any CPU.Build.0 = Debug|Any CPU
		{83014FC9-9483-4FFC-8314-EF19CD73674A}.Debug|Any CPU.Deploy.0 = Debug|Any CPU
		{83014FC9-9483-4FFC-8314-EF19CD73674A}.Debug|ARM.ActiveCfg = Debug|Any CPU
		{83014FC9-9483-4FFC-8314-EF19CD73674A}.Debug|ARM.Build.0 = Debug|Any CPU
		{83014FC9-9483-4FFC-8314-EF19CD73674A}.Debug|ARM.Deploy.0 = Debug|Any CPU
		{83014FC9-9483-4FFC-8314-EF19CD73674A}.Debug|iPhone.ActiveCfg = Debug|Any CPU
		{83014FC9-9483-4FFC-8314-EF19CD73674A}.Debug|iPhone.Build.0 = Debug|Any CPU
		{83014FC9-9483-4FFC-8314-EF19CD73674A}.Debug|iPhone.Deploy.0 = Debug|Any CPU
		{83014FC9-9483-4FFC-8314-EF19CD73674A}.Debug|iPhoneSimulator.ActiveCfg = Debug|Any CPU
		{83014FC9-9483-4FFC-8314-EF19CD73674A}.Debug|iPhoneSimulator.Build.0 = Debug|Any CPU
		{83014FC9-9483-4FFC-8314-EF19CD73674A}.Debug|iPhoneSimulator.Deploy.0 = Debug|Any CPU
		{83014FC9-9483-4FFC-8314-EF19CD73674A}.Debug|x64.ActiveCfg = Debug|Any CPU
		{83014FC9-9483-4FFC-8314-EF19CD73674A}.Debug|x64.Build.0 = Debug|Any CPU
		{83014FC9-9483-4FFC-8314-EF19CD73674A}.Debug|x64.Deploy.0 = Debug|Any CPU
		{83014FC9-9483-4FFC-8314-EF19CD73674A}.Debug|x86.ActiveCfg = Debug|Any CPU
		{83014FC9-9483-4FFC-8314-EF19CD73674A}.Debug|x86.Build.0 = Debug|Any CPU
		{83014FC9-9483-4FFC-8314-EF19CD73674A}.Debug|x86.Deploy.0 = Debug|Any CPU
		{83014FC9-9483-4FFC-8314-EF19CD73674A}.Release|Any CPU.ActiveCfg = Release|Any CPU
		{83014FC9-9483-4FFC-8314-EF19CD73674A}.Release|Any CPU.Build.0 = Release|Any CPU
		{83014FC9-9483-4FFC-8314-EF19CD73674A}.Release|Any CPU.Deploy.0 = Release|Any CPU
		{83014FC9-9483-4FFC-8314-EF19CD73674A}.Release|ARM.ActiveCfg = Release|Any CPU
		{83014FC9-9483-4FFC-8314-EF19CD73674A}.Release|ARM.Build.0 = Release|Any CPU
		{83014FC9-9483-4FFC-8314-EF19CD73674A}.Release|ARM.Deploy.0 = Release|Any CPU
		{83014FC9-9483-4FFC-8314-EF19CD73674A}.Release|iPhone.ActiveCfg = Release|Any CPU
		{83014FC9-9483-4FFC-8314-EF19CD73674A}.Release|iPhone.Build.0 = Release|Any CPU
		{83014FC9-9483-4FFC-8314-EF19CD73674A}.Release|iPhone.Deploy.0 = Release|Any CPU
		{83014FC9-9483-4FFC-8314-EF19CD73674A}.Release|iPhoneSimulator.ActiveCfg = Release|Any CPU
		{83014FC9-9483-4FFC-8314-EF19CD73674A}.Release|iPhoneSimulator.Build.0 = Release|Any CPU
		{83014FC9-9483-4FFC-8314-EF19CD73674A}.Release|iPhoneSimulator.Deploy.0 = Release|Any CPU
		{83014FC9-9483-4FFC-8314-EF19CD73674A}.Release|x64.ActiveCfg = Release|Any CPU
		{83014FC9-9483-4FFC-8314-EF19CD73674A}.Release|x64.Build.0 = Release|Any CPU
		{83014FC9-9483-4FFC-8314-EF19CD73674A}.Release|x64.Deploy.0 = Release|Any CPU
		{83014FC9-9483-4FFC-8314-EF19CD73674A}.Release|x86.ActiveCfg = Release|Any CPU
		{83014FC9-9483-4FFC-8314-EF19CD73674A}.Release|x86.Build.0 = Release|Any CPU
		{83014FC9-9483-4FFC-8314-EF19CD73674A}.Release|x86.Deploy.0 = Release|Any CPU
		{EC54B49B-7AFA-4DFF-91BF-02A60AECBB82}.Debug|Any CPU.ActiveCfg = Debug|Any CPU
		{EC54B49B-7AFA-4DFF-91BF-02A60AECBB82}.Debug|Any CPU.Build.0 = Debug|Any CPU
		{EC54B49B-7AFA-4DFF-91BF-02A60AECBB82}.Debug|ARM.ActiveCfg = Debug|Any CPU
		{EC54B49B-7AFA-4DFF-91BF-02A60AECBB82}.Debug|ARM.Build.0 = Debug|Any CPU
		{EC54B49B-7AFA-4DFF-91BF-02A60AECBB82}.Debug|iPhone.ActiveCfg = Debug|Any CPU
		{EC54B49B-7AFA-4DFF-91BF-02A60AECBB82}.Debug|iPhone.Build.0 = Debug|Any CPU
		{EC54B49B-7AFA-4DFF-91BF-02A60AECBB82}.Debug|iPhoneSimulator.ActiveCfg = Debug|Any CPU
		{EC54B49B-7AFA-4DFF-91BF-02A60AECBB82}.Debug|iPhoneSimulator.Build.0 = Debug|Any CPU
		{EC54B49B-7AFA-4DFF-91BF-02A60AECBB82}.Debug|x64.ActiveCfg = Debug|Any CPU
		{EC54B49B-7AFA-4DFF-91BF-02A60AECBB82}.Debug|x64.Build.0 = Debug|Any CPU
		{EC54B49B-7AFA-4DFF-91BF-02A60AECBB82}.Debug|x86.ActiveCfg = Debug|Any CPU
		{EC54B49B-7AFA-4DFF-91BF-02A60AECBB82}.Debug|x86.Build.0 = Debug|Any CPU
		{EC54B49B-7AFA-4DFF-91BF-02A60AECBB82}.Release|Any CPU.ActiveCfg = Release|Any CPU
		{EC54B49B-7AFA-4DFF-91BF-02A60AECBB82}.Release|Any CPU.Build.0 = Release|Any CPU
		{EC54B49B-7AFA-4DFF-91BF-02A60AECBB82}.Release|ARM.ActiveCfg = Release|Any CPU
		{EC54B49B-7AFA-4DFF-91BF-02A60AECBB82}.Release|ARM.Build.0 = Release|Any CPU
		{EC54B49B-7AFA-4DFF-91BF-02A60AECBB82}.Release|iPhone.ActiveCfg = Release|Any CPU
		{EC54B49B-7AFA-4DFF-91BF-02A60AECBB82}.Release|iPhone.Build.0 = Release|Any CPU
		{EC54B49B-7AFA-4DFF-91BF-02A60AECBB82}.Release|iPhoneSimulator.ActiveCfg = Release|Any CPU
		{EC54B49B-7AFA-4DFF-91BF-02A60AECBB82}.Release|iPhoneSimulator.Build.0 = Release|Any CPU
		{EC54B49B-7AFA-4DFF-91BF-02A60AECBB82}.Release|x64.ActiveCfg = Release|Any CPU
		{EC54B49B-7AFA-4DFF-91BF-02A60AECBB82}.Release|x64.Build.0 = Release|Any CPU
		{EC54B49B-7AFA-4DFF-91BF-02A60AECBB82}.Release|x86.ActiveCfg = Release|Any CPU
		{EC54B49B-7AFA-4DFF-91BF-02A60AECBB82}.Release|x86.Build.0 = Release|Any CPU
		{2308FA17-A864-4CD5-A936-EE4CFF0271B4}.Debug|Any CPU.ActiveCfg = Debug|Any CPU
		{2308FA17-A864-4CD5-A936-EE4CFF0271B4}.Debug|Any CPU.Build.0 = Debug|Any CPU
		{2308FA17-A864-4CD5-A936-EE4CFF0271B4}.Debug|Any CPU.Deploy.0 = Debug|Any CPU
		{2308FA17-A864-4CD5-A936-EE4CFF0271B4}.Debug|ARM.ActiveCfg = Debug|Any CPU
		{2308FA17-A864-4CD5-A936-EE4CFF0271B4}.Debug|ARM.Build.0 = Debug|Any CPU
		{2308FA17-A864-4CD5-A936-EE4CFF0271B4}.Debug|ARM.Deploy.0 = Debug|Any CPU
		{2308FA17-A864-4CD5-A936-EE4CFF0271B4}.Debug|iPhone.ActiveCfg = Debug|Any CPU
		{2308FA17-A864-4CD5-A936-EE4CFF0271B4}.Debug|iPhone.Build.0 = Debug|Any CPU
		{2308FA17-A864-4CD5-A936-EE4CFF0271B4}.Debug|iPhone.Deploy.0 = Debug|Any CPU
		{2308FA17-A864-4CD5-A936-EE4CFF0271B4}.Debug|iPhoneSimulator.ActiveCfg = Debug|Any CPU
		{2308FA17-A864-4CD5-A936-EE4CFF0271B4}.Debug|iPhoneSimulator.Build.0 = Debug|Any CPU
		{2308FA17-A864-4CD5-A936-EE4CFF0271B4}.Debug|iPhoneSimulator.Deploy.0 = Debug|Any CPU
		{2308FA17-A864-4CD5-A936-EE4CFF0271B4}.Debug|x64.ActiveCfg = Debug|Any CPU
		{2308FA17-A864-4CD5-A936-EE4CFF0271B4}.Debug|x64.Build.0 = Debug|Any CPU
		{2308FA17-A864-4CD5-A936-EE4CFF0271B4}.Debug|x64.Deploy.0 = Debug|Any CPU
		{2308FA17-A864-4CD5-A936-EE4CFF0271B4}.Debug|x86.ActiveCfg = Debug|Any CPU
		{2308FA17-A864-4CD5-A936-EE4CFF0271B4}.Debug|x86.Build.0 = Debug|Any CPU
		{2308FA17-A864-4CD5-A936-EE4CFF0271B4}.Debug|x86.Deploy.0 = Debug|Any CPU
		{2308FA17-A864-4CD5-A936-EE4CFF0271B4}.Release|Any CPU.ActiveCfg = Release|Any CPU
		{2308FA17-A864-4CD5-A936-EE4CFF0271B4}.Release|Any CPU.Build.0 = Release|Any CPU
		{2308FA17-A864-4CD5-A936-EE4CFF0271B4}.Release|Any CPU.Deploy.0 = Release|Any CPU
		{2308FA17-A864-4CD5-A936-EE4CFF0271B4}.Release|ARM.ActiveCfg = Release|Any CPU
		{2308FA17-A864-4CD5-A936-EE4CFF0271B4}.Release|ARM.Build.0 = Release|Any CPU
		{2308FA17-A864-4CD5-A936-EE4CFF0271B4}.Release|ARM.Deploy.0 = Release|Any CPU
		{2308FA17-A864-4CD5-A936-EE4CFF0271B4}.Release|iPhone.ActiveCfg = Release|Any CPU
		{2308FA17-A864-4CD5-A936-EE4CFF0271B4}.Release|iPhone.Build.0 = Release|Any CPU
		{2308FA17-A864-4CD5-A936-EE4CFF0271B4}.Release|iPhone.Deploy.0 = Release|Any CPU
		{2308FA17-A864-4CD5-A936-EE4CFF0271B4}.Release|iPhoneSimulator.ActiveCfg = Release|Any CPU
		{2308FA17-A864-4CD5-A936-EE4CFF0271B4}.Release|iPhoneSimulator.Build.0 = Release|Any CPU
		{2308FA17-A864-4CD5-A936-EE4CFF0271B4}.Release|iPhoneSimulator.Deploy.0 = Release|Any CPU
		{2308FA17-A864-4CD5-A936-EE4CFF0271B4}.Release|x64.ActiveCfg = Release|Any CPU
		{2308FA17-A864-4CD5-A936-EE4CFF0271B4}.Release|x64.Build.0 = Release|Any CPU
		{2308FA17-A864-4CD5-A936-EE4CFF0271B4}.Release|x64.Deploy.0 = Release|Any CPU
		{2308FA17-A864-4CD5-A936-EE4CFF0271B4}.Release|x86.ActiveCfg = Release|Any CPU
		{2308FA17-A864-4CD5-A936-EE4CFF0271B4}.Release|x86.Build.0 = Release|Any CPU
		{2308FA17-A864-4CD5-A936-EE4CFF0271B4}.Release|x86.Deploy.0 = Release|Any CPU
		{BBCE70CE-B0BA-490C-B8AF-76FA2AAD0D99}.Debug|Any CPU.ActiveCfg = Debug|x64
		{BBCE70CE-B0BA-490C-B8AF-76FA2AAD0D99}.Debug|Any CPU.Build.0 = Debug|x64
		{BBCE70CE-B0BA-490C-B8AF-76FA2AAD0D99}.Debug|Any CPU.Deploy.0 = Debug|x64
		{BBCE70CE-B0BA-490C-B8AF-76FA2AAD0D99}.Debug|ARM.ActiveCfg = Debug|ARM
		{BBCE70CE-B0BA-490C-B8AF-76FA2AAD0D99}.Debug|ARM.Build.0 = Debug|ARM
		{BBCE70CE-B0BA-490C-B8AF-76FA2AAD0D99}.Debug|ARM.Deploy.0 = Debug|ARM
		{BBCE70CE-B0BA-490C-B8AF-76FA2AAD0D99}.Debug|iPhone.ActiveCfg = Debug|x64
		{BBCE70CE-B0BA-490C-B8AF-76FA2AAD0D99}.Debug|iPhone.Build.0 = Debug|x64
		{BBCE70CE-B0BA-490C-B8AF-76FA2AAD0D99}.Debug|iPhone.Deploy.0 = Debug|x64
		{BBCE70CE-B0BA-490C-B8AF-76FA2AAD0D99}.Debug|iPhoneSimulator.ActiveCfg = Debug|x64
		{BBCE70CE-B0BA-490C-B8AF-76FA2AAD0D99}.Debug|iPhoneSimulator.Build.0 = Debug|x64
		{BBCE70CE-B0BA-490C-B8AF-76FA2AAD0D99}.Debug|iPhoneSimulator.Deploy.0 = Debug|x64
		{BBCE70CE-B0BA-490C-B8AF-76FA2AAD0D99}.Debug|x64.ActiveCfg = Debug|x64
		{BBCE70CE-B0BA-490C-B8AF-76FA2AAD0D99}.Debug|x64.Build.0 = Debug|x64
		{BBCE70CE-B0BA-490C-B8AF-76FA2AAD0D99}.Debug|x64.Deploy.0 = Debug|x64
		{BBCE70CE-B0BA-490C-B8AF-76FA2AAD0D99}.Debug|x86.ActiveCfg = Debug|x86
		{BBCE70CE-B0BA-490C-B8AF-76FA2AAD0D99}.Debug|x86.Build.0 = Debug|x86
		{BBCE70CE-B0BA-490C-B8AF-76FA2AAD0D99}.Debug|x86.Deploy.0 = Debug|x86
		{BBCE70CE-B0BA-490C-B8AF-76FA2AAD0D99}.Release|Any CPU.ActiveCfg = Release|x64
		{BBCE70CE-B0BA-490C-B8AF-76FA2AAD0D99}.Release|Any CPU.Build.0 = Release|x64
		{BBCE70CE-B0BA-490C-B8AF-76FA2AAD0D99}.Release|Any CPU.Deploy.0 = Release|x64
		{BBCE70CE-B0BA-490C-B8AF-76FA2AAD0D99}.Release|ARM.ActiveCfg = Release|ARM
		{BBCE70CE-B0BA-490C-B8AF-76FA2AAD0D99}.Release|ARM.Build.0 = Release|ARM
		{BBCE70CE-B0BA-490C-B8AF-76FA2AAD0D99}.Release|ARM.Deploy.0 = Release|ARM
		{BBCE70CE-B0BA-490C-B8AF-76FA2AAD0D99}.Release|iPhone.ActiveCfg = Release|x64
		{BBCE70CE-B0BA-490C-B8AF-76FA2AAD0D99}.Release|iPhone.Build.0 = Release|x64
		{BBCE70CE-B0BA-490C-B8AF-76FA2AAD0D99}.Release|iPhone.Deploy.0 = Release|x64
		{BBCE70CE-B0BA-490C-B8AF-76FA2AAD0D99}.Release|iPhoneSimulator.ActiveCfg = Release|x64
		{BBCE70CE-B0BA-490C-B8AF-76FA2AAD0D99}.Release|iPhoneSimulator.Build.0 = Release|x64
		{BBCE70CE-B0BA-490C-B8AF-76FA2AAD0D99}.Release|iPhoneSimulator.Deploy.0 = Release|x64
		{BBCE70CE-B0BA-490C-B8AF-76FA2AAD0D99}.Release|x64.ActiveCfg = Release|x64
		{BBCE70CE-B0BA-490C-B8AF-76FA2AAD0D99}.Release|x64.Build.0 = Release|x64
		{BBCE70CE-B0BA-490C-B8AF-76FA2AAD0D99}.Release|x64.Deploy.0 = Release|x64
		{BBCE70CE-B0BA-490C-B8AF-76FA2AAD0D99}.Release|x86.ActiveCfg = Release|x86
		{BBCE70CE-B0BA-490C-B8AF-76FA2AAD0D99}.Release|x86.Build.0 = Release|x86
		{BBCE70CE-B0BA-490C-B8AF-76FA2AAD0D99}.Release|x86.Deploy.0 = Release|x86
	EndGlobalSection
	GlobalSection(SolutionProperties) = preSolution
		HideSolutionNode = FALSE
	EndGlobalSection
	GlobalSection(NestedProjects) = preSolution
		{A23B0CF9-6370-47CF-A03F-F38F33E3713E} = {EDB21701-7843-4F91-A6FC-A3F9195B3599}
		{E01B4B90-D37F-427D-B2A0-EFC74918084D} = {EDB21701-7843-4F91-A6FC-A3F9195B3599}
		{E4230B50-63F2-4070-A035-B9EF8384D4B7} = {EDB21701-7843-4F91-A6FC-A3F9195B3599}
		{83014FC9-9483-4FFC-8314-EF19CD73674A} = {EDB21701-7843-4F91-A6FC-A3F9195B3599}
		{EC54B49B-7AFA-4DFF-91BF-02A60AECBB82} = {DA733F07-86C8-48CC-8A9E-F4EB5FD5B7DA}
		{2308FA17-A864-4CD5-A936-EE4CFF0271B4} = {DA733F07-86C8-48CC-8A9E-F4EB5FD5B7DA}
		{BBCE70CE-B0BA-490C-B8AF-76FA2AAD0D99} = {DA733F07-86C8-48CC-8A9E-F4EB5FD5B7DA}
	EndGlobalSection
	GlobalSection(ExtensibilityGlobals) = postSolution
		SolutionGuid = {EB6E2763-6C63-4A27-B577-5AECAF4FA3B6}
	EndGlobalSection
EndGlobal
